
Microsoft Visual Studio Solution File, Format Version 12.00
# Visual Studio 14
VisualStudioVersion = 14.0.24720.0
MinimumVisualStudioVersion = 10.0.40219.1
Project("{FAE04EC0-301F-11D3-BF4B-00C04F79EFBC}") = "EditorConfig.VisualStudi", "EditorConfig.VisualStudio\EditorConfig.VisualStudio.csproj", "{FEAAE923-0664-4072-903F-0C833CD43D36}"
EndProject
Project("{FAE04EC0-301F-11D3-BF4B-00C04F79EFBC}") = "EditorConfigItemTemplate", "EditorConfigItemTemplate\EditorConfigItemTemplate.csproj", "{C812CBA0-F505-458A-A984-1B6C5B64DFF0}"
EndProject
Project("{2150E333-8FDC-42A3-9474-1A3956D46DE8}") = "Solution Items", "Solution Items", "{947E4BAB-59E4-4953-A9C1-A6A81A6EF229}"
	ProjectSection(SolutionItems) = preProject
		.editorconfig = .editorconfig
		.gitattributes = .gitattributes
		.gitignore = .gitignore
	EndProjectSection
EndProject
Global
	GlobalSection(SolutionConfigurationPlatforms) = preSolution
		Debug|Any CPU = Debug|Any CPU
		Debug|Mixed Platforms = Debug|Mixed Platforms
		Debug|Win32 = Debug|Win32
		Release|Any CPU = Release|Any CPU
		Release|Mixed Platforms = Release|Mixed Platforms
		Release|Win32 = Release|Win32
	EndGlobalSection
	GlobalSection(ProjectConfigurationPlatforms) = postSolution
		{FEAAE923-0664-4072-903F-0C833CD43D36}.Debug|Any CPU.ActiveCfg = Debug|Any CPU
		{FEAAE923-0664-4072-903F-0C833CD43D36}.Debug|Any CPU.Build.0 = Debug|Any CPU
		{FEAAE923-0664-4072-903F-0C833CD43D36}.Debug|Mixed Platforms.ActiveCfg = Debug|Any CPU
		{FEAAE923-0664-4072-903F-0C833CD43D36}.Debug|Mixed Platforms.Build.0 = Debug|Any CPU
		{FEAAE923-0664-4072-903F-0C833CD43D36}.Debug|Win32.ActiveCfg = Debug|Any CPU
		{FEAAE923-0664-4072-903F-0C833CD43D36}.Debug|Win32.Build.0 = Debug|Any CPU
		{FEAAE923-0664-4072-903F-0C833CD43D36}.Release|Any CPU.ActiveCfg = Release|Any CPU
		{FEAAE923-0664-4072-903F-0C833CD43D36}.Release|Any CPU.Build.0 = Release|Any CPU
		{FEAAE923-0664-4072-903F-0C833CD43D36}.Release|Mixed Platforms.ActiveCfg = Release|Any CPU
		{FEAAE923-0664-4072-903F-0C833CD43D36}.Release|Mixed Platforms.Build.0 = Release|Any CPU
		{FEAAE923-0664-4072-903F-0C833CD43D36}.Release|Win32.ActiveCfg = Release|Any CPU
		{FEAAE923-0664-4072-903F-0C833CD43D36}.Release|Win32.Build.0 = Release|Any CPU
		{C812CBA0-F505-458A-A984-1B6C5B64DFF0}.Debug|Any CPU.ActiveCfg = Debug|Any CPU
		{C812CBA0-F505-458A-A984-1B6C5B64DFF0}.Debug|Any CPU.Build.0 = Debug|Any CPU
		{C812CBA0-F505-458A-A984-1B6C5B64DFF0}.Debug|Mixed Platforms.ActiveCfg = Debug|Any CPU
		{C812CBA0-F505-458A-A984-1B6C5B64DFF0}.Debug|Mixed Platforms.Build.0 = Debug|Any CPU
		{C812CBA0-F505-458A-A984-1B6C5B64DFF0}.Debug|Win32.ActiveCfg = Debug|Any CPU
		{C812CBA0-F505-458A-A984-1B6C5B64DFF0}.Debug|Win32.Build.0 = Debug|Any CPU
		{C812CBA0-F505-458A-A984-1B6C5B64DFF0}.Release|Any CPU.ActiveCfg = Release|Any CPU
		{C812CBA0-F505-458A-A984-1B6C5B64DFF0}.Release|Any CPU.Build.0 = Release|Any CPU
		{C812CBA0-F505-458A-A984-1B6C5B64DFF0}.Release|Mixed Platforms.ActiveCfg = Release|Any CPU
		{C812CBA0-F505-458A-A984-1B6C5B64DFF0}.Release|Mixed Platforms.Build.0 = Release|Any CPU
		{C812CBA0-F505-458A-A984-1B6C5B64DFF0}.Release|Win32.ActiveCfg = Release|Any CPU
		{C812CBA0-F505-458A-A984-1B6C5B64DFF0}.Release|Win32.Build.0 = Release|Any CPU
	EndGlobalSection
	GlobalSection(SolutionProperties) = preSolution
		HideSolutionNode = FALSE
	EndGlobalSection
EndGlobal
